
Microsoft Visual Studio Solution File, Format Version 12.00
Project("{FAE04EC0-301F-11D3-BF4B-00C04F79EFBC}") = "Task1", "Task1\Task1.csproj", "{DA8C344E-0AFC-47F6-9447-33A77C65A574}"
EndProject
Project("{FAE04EC0-301F-11D3-BF4B-00C04F79EFBC}") = "TestProject1", "TestProject1\TestProject1.csproj", "{5B1C823B-C14E-4DE4-838B-FB1027B41826}"
EndProject
Project("{FAE04EC0-301F-11D3-BF4B-00C04F79EFBC}") = "TestProjectMoq", "TestProjectMoq\TestProjectMoq.csproj", "{72971CCD-A4E8-4ECA-964D-E0AB8D57FF35}"
EndProject
Global
	GlobalSection(SolutionConfigurationPlatforms) = preSolution
		Debug|Any CPU = Debug|Any CPU
		Release|Any CPU = Release|Any CPU
	EndGlobalSection
	GlobalSection(ProjectConfigurationPlatforms) = postSolution
		{DA8C344E-0AFC-47F6-9447-33A77C65A574}.Debug|Any CPU.ActiveCfg = Debug|Any CPU
		{DA8C344E-0AFC-47F6-9447-33A77C65A574}.Debug|Any CPU.Build.0 = Debug|Any CPU
		{DA8C344E-0AFC-47F6-9447-33A77C65A574}.Release|Any CPU.ActiveCfg = Release|Any CPU
		{DA8C344E-0AFC-47F6-9447-33A77C65A574}.Release|Any CPU.Build.0 = Release|Any CPU
		{5B1C823B-C14E-4DE4-838B-FB1027B41826}.Debug|Any CPU.ActiveCfg = Debug|Any CPU
		{5B1C823B-C14E-4DE4-838B-FB1027B41826}.Debug|Any CPU.Build.0 = Debug|Any CPU
		{5B1C823B-C14E-4DE4-838B-FB1027B41826}.Release|Any CPU.ActiveCfg = Release|Any CPU
		{5B1C823B-C14E-4DE4-838B-FB1027B41826}.Release|Any CPU.Build.0 = Release|Any CPU
		{72971CCD-A4E8-4ECA-964D-E0AB8D57FF35}.Debug|Any CPU.ActiveCfg = Debug|Any CPU
		{72971CCD-A4E8-4ECA-964D-E0AB8D57FF35}.Debug|Any CPU.Build.0 = Debug|Any CPU
		{72971CCD-A4E8-4ECA-964D-E0AB8D57FF35}.Release|Any CPU.ActiveCfg = Release|Any CPU
		{72971CCD-A4E8-4ECA-964D-E0AB8D57FF35}.Release|Any CPU.Build.0 = Release|Any CPU
	EndGlobalSection
EndGlobal
